
Microsoft Visual Studio Solution File, Format Version 12.00
# Visual Studio Version 17
VisualStudioVersion = 17.2.32526.322
MinimumVisualStudioVersion = 10.0.40219.1
Project("{FAE04EC0-301F-11D3-BF4B-00C04F79EFBC}") = "Cine.Android", "Cine\Cine.Android\Cine.Android.csproj", "{49565A36-9B4F-4175-8B40-ABBF22F294C5}"
EndProject
Project("{FAE04EC0-301F-11D3-BF4B-00C04F79EFBC}") = "Cine", "Cine\Cine\Cine.csproj", "{479583C1-FC38-4062-9F90-5F26AD73C81D}"
EndProject
Global
	GlobalSection(SolutionConfigurationPlatforms) = preSolution
		Debug|Any CPU = Debug|Any CPU
		Release|Any CPU = Release|Any CPU
	EndGlobalSection
	GlobalSection(ProjectConfigurationPlatforms) = postSolution
		{49565A36-9B4F-4175-8B40-ABBF22F294C5}.Debug|Any CPU.ActiveCfg = Debug|Any CPU
		{49565A36-9B4F-4175-8B40-ABBF22F294C5}.Debug|Any CPU.Build.0 = Debug|Any CPU
		{49565A36-9B4F-4175-8B40-ABBF22F294C5}.Debug|Any CPU.Deploy.0 = Debug|Any CPU
		{49565A36-9B4F-4175-8B40-ABBF22F294C5}.Release|Any CPU.ActiveCfg = Release|Any CPU
		{49565A36-9B4F-4175-8B40-ABBF22F294C5}.Release|Any CPU.Build.0 = Release|Any CPU
		{49565A36-9B4F-4175-8B40-ABBF22F294C5}.Release|Any CPU.Deploy.0 = Release|Any CPU
		{479583C1-FC38-4062-9F90-5F26AD73C81D}.Debug|Any CPU.ActiveCfg = Debug|Any CPU
		{479583C1-FC38-4062-9F90-5F26AD73C81D}.Debug|Any CPU.Build.0 = Debug|Any CPU
		{479583C1-FC38-4062-9F90-5F26AD73C81D}.Debug|Any CPU.Deploy.0 = Debug|Any CPU
		{479583C1-FC38-4062-9F90-5F26AD73C81D}.Release|Any CPU.ActiveCfg = Release|Any CPU
		{479583C1-FC38-4062-9F90-5F26AD73C81D}.Release|Any CPU.Build.0 = Release|Any CPU
		{479583C1-FC38-4062-9F90-5F26AD73C81D}.Release|Any CPU.Deploy.0 = Release|Any CPU
	EndGlobalSection
	GlobalSection(SolutionProperties) = preSolution
		HideSolutionNode = FALSE
	EndGlobalSection
	GlobalSection(ExtensibilityGlobals) = postSolution
		SolutionGuid = {2FA5505E-6EB2-4C2A-91C6-01B7A3AA0798}
	EndGlobalSection
EndGlobal
